
Microsoft Visual Studio Solution File, Format Version 12.00
# Visual Studio Version 17
VisualStudioVersion = 17.13.36105.23
MinimumVisualStudioVersion = 10.0.40219.1
Project("{FAE04EC0-301F-11D3-BF4B-00C04F79EFBC}") = "Sprachfeatures", "Sprachfeatures\Sprachfeatures.csproj", "{1BEDFCED-82E5-42D8-A72E-263AE4257335}"
EndProject
Project("{FAE04EC0-301F-11D3-BF4B-00C04F79EFBC}") = "TopLevelStatements", "TopLevelStatements\TopLevelStatements.csproj", "{05A0AD76-1310-4481-ABB5-47181ADF2FC3}"
EndProject
Project("{FAE04EC0-301F-11D3-BF4B-00C04F79EFBC}") = "Generics", "Generics\Generics.csproj", "{52FFF7F1-6D2C-450A-8B2C-ADF163123B14}"
EndProject
Project("{FAE04EC0-301F-11D3-BF4B-00C04F79EFBC}") = "Delegates", "Delegates\Delegates.csproj", "{E39BB927-6BC3-419F-92D4-590B2336A3B4}"
EndProject
Project("{FAE04EC0-301F-11D3-BF4B-00C04F79EFBC}") = "Events", "Events\Events.csproj", "{35F04D62-0AFD-4574-B5E9-55AF15AB9BD0}"
EndProject
Project("{FAE04EC0-301F-11D3-BF4B-00C04F79EFBC}") = "PrimeComponent", "PrimeComponent\PrimeComponent.csproj", "{4FBCCC45-51A2-43F9-A2BA-541F9CFF2F66}"
EndProject
Project("{FAE04EC0-301F-11D3-BF4B-00C04F79EFBC}") = "Serialisierung", "Serialisierung\Serialisierung.csproj", "{C5DD820F-8202-4882-BC86-7E63BD302B3C}"
EndProject
Project("{FAE04EC0-301F-11D3-BF4B-00C04F79EFBC}") = "Multithreading", "Multithreading\Multithreading.csproj", "{23B89991-8EBD-42A2-A522-009F0583F413}"
EndProject
Project("{FAE04EC0-301F-11D3-BF4B-00C04F79EFBC}") = "Multitasking", "Multitasking\Multitasking.csproj", "{8FAC230F-1689-4105-A1CE-BFCBD8B6B3F4}"
EndProject
Project("{FAE04EC0-301F-11D3-BF4B-00C04F79EFBC}") = "TPL_Uebung", "TPL_Uebung\TPL_Uebung.csproj", "{B0FAF282-ED8E-42AE-9B6C-80514BEE04E5}"
EndProject
Project("{FAE04EC0-301F-11D3-BF4B-00C04F79EFBC}") = "AsyncAwait", "AsyncAwait\AsyncAwait.csproj", "{A63FD199-ABBD-4CC8-9CA2-00C33F3E52E9}"
EndProject
Project("{FAE04EC0-301F-11D3-BF4B-00C04F79EFBC}") = "AsyncAwaitWPF", "AsyncAwaitWPF\AsyncAwaitWPF.csproj", "{33BDE5EE-4F3C-4DF3-9D01-9564536E8DEB}"
EndProject
Project("{FAE04EC0-301F-11D3-BF4B-00C04F79EFBC}") = "LinqErweiterungsmethoden", "LinqErweiterungsmethoden\LinqErweiterungsmethoden.csproj", "{AB1EBB4A-C9F5-4A48-B181-2F321BBA9765}"
EndProject
Project("{FAE04EC0-301F-11D3-BF4B-00C04F79EFBC}") = "Reflection", "Reflection\Reflection.csproj", "{95C4825A-9B29-4327-A87D-4BEAB4F8EF6E}"
EndProject
Project("{FAE04EC0-301F-11D3-BF4B-00C04F79EFBC}") = "PluginBase", "PluginBase\PluginBase.csproj", "{B763E7A0-3D75-4EFA-A056-2C94944A7C3C}"
EndProject
Project("{FAE04EC0-301F-11D3-BF4B-00C04F79EFBC}") = "PluginCalculator", "PluginCalculator\PluginCalculator.csproj", "{FBFC5DDD-AA35-4975-9F17-24C5E8930DD6}"
EndProject
Project("{FAE04EC0-301F-11D3-BF4B-00C04F79EFBC}") = "PluginClient", "PluginClient\PluginClient.csproj", "{041FA2FB-2167-4460-8337-D502075C19AA}"
EndProject
Global
	GlobalSection(SolutionConfigurationPlatforms) = preSolution
		Debug|Any CPU = Debug|Any CPU
		Release|Any CPU = Release|Any CPU
	EndGlobalSection
	GlobalSection(ProjectConfigurationPlatforms) = postSolution
		{1BEDFCED-82E5-42D8-A72E-263AE4257335}.Debug|Any CPU.ActiveCfg = Debug|Any CPU
		{1BEDFCED-82E5-42D8-A72E-263AE4257335}.Debug|Any CPU.Build.0 = Debug|Any CPU
		{1BEDFCED-82E5-42D8-A72E-263AE4257335}.Release|Any CPU.ActiveCfg = Release|Any CPU
		{1BEDFCED-82E5-42D8-A72E-263AE4257335}.Release|Any CPU.Build.0 = Release|Any CPU
		{05A0AD76-1310-4481-ABB5-47181ADF2FC3}.Debug|Any CPU.ActiveCfg = Debug|Any CPU
		{05A0AD76-1310-4481-ABB5-47181ADF2FC3}.Debug|Any CPU.Build.0 = Debug|Any CPU
		{05A0AD76-1310-4481-ABB5-47181ADF2FC3}.Release|Any CPU.ActiveCfg = Release|Any CPU
		{05A0AD76-1310-4481-ABB5-47181ADF2FC3}.Release|Any CPU.Build.0 = Release|Any CPU
		{52FFF7F1-6D2C-450A-8B2C-ADF163123B14}.Debug|Any CPU.ActiveCfg = Debug|Any CPU
		{52FFF7F1-6D2C-450A-8B2C-ADF163123B14}.Debug|Any CPU.Build.0 = Debug|Any CPU
		{52FFF7F1-6D2C-450A-8B2C-ADF163123B14}.Release|Any CPU.ActiveCfg = Release|Any CPU
		{52FFF7F1-6D2C-450A-8B2C-ADF163123B14}.Release|Any CPU.Build.0 = Release|Any CPU
		{E39BB927-6BC3-419F-92D4-590B2336A3B4}.Debug|Any CPU.ActiveCfg = Debug|Any CPU
		{E39BB927-6BC3-419F-92D4-590B2336A3B4}.Debug|Any CPU.Build.0 = Debug|Any CPU
		{E39BB927-6BC3-419F-92D4-590B2336A3B4}.Release|Any CPU.ActiveCfg = Release|Any CPU
		{E39BB927-6BC3-419F-92D4-590B2336A3B4}.Release|Any CPU.Build.0 = Release|Any CPU
		{35F04D62-0AFD-4574-B5E9-55AF15AB9BD0}.Debug|Any CPU.ActiveCfg = Debug|Any CPU
		{35F04D62-0AFD-4574-B5E9-55AF15AB9BD0}.Debug|Any CPU.Build.0 = Debug|Any CPU
		{35F04D62-0AFD-4574-B5E9-55AF15AB9BD0}.Release|Any CPU.ActiveCfg = Release|Any CPU
		{35F04D62-0AFD-4574-B5E9-55AF15AB9BD0}.Release|Any CPU.Build.0 = Release|Any CPU
		{4FBCCC45-51A2-43F9-A2BA-541F9CFF2F66}.Debug|Any CPU.ActiveCfg = Debug|Any CPU
		{4FBCCC45-51A2-43F9-A2BA-541F9CFF2F66}.Debug|Any CPU.Build.0 = Debug|Any CPU
		{4FBCCC45-51A2-43F9-A2BA-541F9CFF2F66}.Release|Any CPU.ActiveCfg = Release|Any CPU
		{4FBCCC45-51A2-43F9-A2BA-541F9CFF2F66}.Release|Any CPU.Build.0 = Release|Any CPU
		{C5DD820F-8202-4882-BC86-7E63BD302B3C}.Debug|Any CPU.ActiveCfg = Debug|Any CPU
		{C5DD820F-8202-4882-BC86-7E63BD302B3C}.Debug|Any CPU.Build.0 = Debug|Any CPU
		{C5DD820F-8202-4882-BC86-7E63BD302B3C}.Release|Any CPU.ActiveCfg = Release|Any CPU
		{C5DD820F-8202-4882-BC86-7E63BD302B3C}.Release|Any CPU.Build.0 = Release|Any CPU
		{23B89991-8EBD-42A2-A522-009F0583F413}.Debug|Any CPU.ActiveCfg = Debug|Any CPU
		{23B89991-8EBD-42A2-A522-009F0583F413}.Debug|Any CPU.Build.0 = Debug|Any CPU
		{23B89991-8EBD-42A2-A522-009F0583F413}.Release|Any CPU.ActiveCfg = Release|Any CPU
		{23B89991-8EBD-42A2-A522-009F0583F413}.Release|Any CPU.Build.0 = Release|Any CPU
		{8FAC230F-1689-4105-A1CE-BFCBD8B6B3F4}.Debug|Any CPU.ActiveCfg = Debug|Any CPU
		{8FAC230F-1689-4105-A1CE-BFCBD8B6B3F4}.Debug|Any CPU.Build.0 = Debug|Any CPU
		{8FAC230F-1689-4105-A1CE-BFCBD8B6B3F4}.Release|Any CPU.ActiveCfg = Release|Any CPU
		{8FAC230F-1689-4105-A1CE-BFCBD8B6B3F4}.Release|Any CPU.Build.0 = Release|Any CPU
		{B0FAF282-ED8E-42AE-9B6C-80514BEE04E5}.Debug|Any CPU.ActiveCfg = Debug|Any CPU
		{B0FAF282-ED8E-42AE-9B6C-80514BEE04E5}.Debug|Any CPU.Build.0 = Debug|Any CPU
		{B0FAF282-ED8E-42AE-9B6C-80514BEE04E5}.Release|Any CPU.ActiveCfg = Release|Any CPU
		{B0FAF282-ED8E-42AE-9B6C-80514BEE04E5}.Release|Any CPU.Build.0 = Release|Any CPU
		{A63FD199-ABBD-4CC8-9CA2-00C33F3E52E9}.Debug|Any CPU.ActiveCfg = Debug|Any CPU
		{A63FD199-ABBD-4CC8-9CA2-00C33F3E52E9}.Debug|Any CPU.Build.0 = Debug|Any CPU
		{A63FD199-ABBD-4CC8-9CA2-00C33F3E52E9}.Release|Any CPU.ActiveCfg = Release|Any CPU
		{A63FD199-ABBD-4CC8-9CA2-00C33F3E52E9}.Release|Any CPU.Build.0 = Release|Any CPU
		{33BDE5EE-4F3C-4DF3-9D01-9564536E8DEB}.Debug|Any CPU.ActiveCfg = Debug|Any CPU
		{33BDE5EE-4F3C-4DF3-9D01-9564536E8DEB}.Debug|Any CPU.Build.0 = Debug|Any CPU
		{33BDE5EE-4F3C-4DF3-9D01-9564536E8DEB}.Release|Any CPU.ActiveCfg = Release|Any CPU
		{33BDE5EE-4F3C-4DF3-9D01-9564536E8DEB}.Release|Any CPU.Build.0 = Release|Any CPU
		{AB1EBB4A-C9F5-4A48-B181-2F321BBA9765}.Debug|Any CPU.ActiveCfg = Debug|Any CPU
		{AB1EBB4A-C9F5-4A48-B181-2F321BBA9765}.Debug|Any CPU.Build.0 = Debug|Any CPU
		{AB1EBB4A-C9F5-4A48-B181-2F321BBA9765}.Release|Any CPU.ActiveCfg = Release|Any CPU
		{AB1EBB4A-C9F5-4A48-B181-2F321BBA9765}.Release|Any CPU.Build.0 = Release|Any CPU
		{95C4825A-9B29-4327-A87D-4BEAB4F8EF6E}.Debug|Any CPU.ActiveCfg = Debug|Any CPU
		{95C4825A-9B29-4327-A87D-4BEAB4F8EF6E}.Debug|Any CPU.Build.0 = Debug|Any CPU
		{95C4825A-9B29-4327-A87D-4BEAB4F8EF6E}.Release|Any CPU.ActiveCfg = Release|Any CPU
		{95C4825A-9B29-4327-A87D-4BEAB4F8EF6E}.Release|Any CPU.Build.0 = Release|Any CPU
		{B763E7A0-3D75-4EFA-A056-2C94944A7C3C}.Debug|Any CPU.ActiveCfg = Debug|Any CPU
		{B763E7A0-3D75-4EFA-A056-2C94944A7C3C}.Debug|Any CPU.Build.0 = Debug|Any CPU
		{B763E7A0-3D75-4EFA-A056-2C94944A7C3C}.Release|Any CPU.ActiveCfg = Release|Any CPU
		{B763E7A0-3D75-4EFA-A056-2C94944A7C3C}.Release|Any CPU.Build.0 = Release|Any CPU
		{FBFC5DDD-AA35-4975-9F17-24C5E8930DD6}.Debug|Any CPU.ActiveCfg = Debug|Any CPU
		{FBFC5DDD-AA35-4975-9F17-24C5E8930DD6}.Debug|Any CPU.Build.0 = Debug|Any CPU
		{FBFC5DDD-AA35-4975-9F17-24C5E8930DD6}.Release|Any CPU.ActiveCfg = Release|Any CPU
		{FBFC5DDD-AA35-4975-9F17-24C5E8930DD6}.Release|Any CPU.Build.0 = Release|Any CPU
		{041FA2FB-2167-4460-8337-D502075C19AA}.Debug|Any CPU.ActiveCfg = Debug|Any CPU
		{041FA2FB-2167-4460-8337-D502075C19AA}.Debug|Any CPU.Build.0 = Debug|Any CPU
		{041FA2FB-2167-4460-8337-D502075C19AA}.Release|Any CPU.ActiveCfg = Release|Any CPU
		{041FA2FB-2167-4460-8337-D502075C19AA}.Release|Any CPU.Build.0 = Release|Any CPU
	EndGlobalSection
	GlobalSection(SolutionProperties) = preSolution
		HideSolutionNode = FALSE
	EndGlobalSection
	GlobalSection(ExtensibilityGlobals) = postSolution
		SolutionGuid = {A339AF87-7D55-4BE5-B5F3-6826D2F8574E}
	EndGlobalSection
EndGlobal
